
Microsoft Visual Studio Solution File, Format Version 12.00
# Visual Studio Version 17
VisualStudioVersion = 17.2.32616.157
MinimumVisualStudioVersion = 10.0.40219.1
Project("{FAE04EC0-301F-11D3-BF4B-00C04F79EFBC}") = "Session01Challenge", "Session01Challenge\Session01Challenge.csproj", "{1B0D1D83-5F03-4258-B726-EB1CD2C4D6D8}"
EndProject
Global
	GlobalSection(SolutionConfigurationPlatforms) = preSolution
		Debug|Any CPU = Debug|Any CPU
		Release|Any CPU = Release|Any CPU
	EndGlobalSection
	GlobalSection(ProjectConfigurationPlatforms) = postSolution
		{1B0D1D83-5F03-4258-B726-EB1CD2C4D6D8}.Debug|Any CPU.ActiveCfg = Debug|Any CPU
		{1B0D1D83-5F03-4258-B726-EB1CD2C4D6D8}.Debug|Any CPU.Build.0 = Debug|Any CPU
		{1B0D1D83-5F03-4258-B726-EB1CD2C4D6D8}.Release|Any CPU.ActiveCfg = Release|Any CPU
		{1B0D1D83-5F03-4258-B726-EB1CD2C4D6D8}.Release|Any CPU.Build.0 = Release|Any CPU
	EndGlobalSection
	GlobalSection(SolutionProperties) = preSolution
		HideSolutionNode = FALSE
	EndGlobalSection
	GlobalSection(ExtensibilityGlobals) = postSolution
		SolutionGuid = {4F1640E5-E4D2-411B-ACD9-72554D900AF0}
	EndGlobalSection
EndGlobal
